
Microsoft Visual Studio Solution File, Format Version 12.00
# Visual Studio Version 17
VisualStudioVersion = 17.13.35919.96 d17.13
MinimumVisualStudioVersion = 10.0.40219.1
Project("{FAE04EC0-301F-11D3-BF4B-00C04F79EFBC}") = "StreamDeckConfiguration", "StreamDeckConfiguration.csproj", "{FF8A49CF-E4C2-4B53-B7FD-8694E9B26488}"
EndProject
Global
	GlobalSection(SolutionConfigurationPlatforms) = preSolution
		Debug|Any CPU = Debug|Any CPU
		Release|Any CPU = Release|Any CPU
	EndGlobalSection
	GlobalSection(ProjectConfigurationPlatforms) = postSolution
		{FF8A49CF-E4C2-4B53-B7FD-8694E9B26488}.Debug|Any CPU.ActiveCfg = Debug|Any CPU
		{FF8A49CF-E4C2-4B53-B7FD-8694E9B26488}.Debug|Any CPU.Build.0 = Debug|Any CPU
		{FF8A49CF-E4C2-4B53-B7FD-8694E9B26488}.Release|Any CPU.ActiveCfg = Release|Any CPU
		{FF8A49CF-E4C2-4B53-B7FD-8694E9B26488}.Release|Any CPU.Build.0 = Release|Any CPU
	EndGlobalSection
	GlobalSection(SolutionProperties) = preSolution
		HideSolutionNode = FALSE
	EndGlobalSection
	GlobalSection(ExtensibilityGlobals) = postSolution
		SolutionGuid = {6185B9AD-641F-49FF-ACCF-8B8055CE85F4}
	EndGlobalSection
EndGlobal
